
Microsoft Visual Studio Solution File, Format Version 12.00
# Visual Studio 15
VisualStudioVersion = 15.0.27130.2026
MinimumVisualStudioVersion = 10.0.40219.1
Project("{FAE04EC0-301F-11D3-BF4B-00C04F79EFBC}") = "Prueba_universidad", "Prueba_universidad\Prueba_universidad.csproj", "{6888E41C-8143-4278-994D-063D53BB9A6A}"
EndProject
Global
	GlobalSection(SolutionConfigurationPlatforms) = preSolution
		Debug|Any CPU = Debug|Any CPU
		Release|Any CPU = Release|Any CPU
	EndGlobalSection
	GlobalSection(ProjectConfigurationPlatforms) = postSolution
		{6888E41C-8143-4278-994D-063D53BB9A6A}.Debug|Any CPU.ActiveCfg = Debug|Any CPU
		{6888E41C-8143-4278-994D-063D53BB9A6A}.Debug|Any CPU.Build.0 = Debug|Any CPU
		{6888E41C-8143-4278-994D-063D53BB9A6A}.Release|Any CPU.ActiveCfg = Release|Any CPU
		{6888E41C-8143-4278-994D-063D53BB9A6A}.Release|Any CPU.Build.0 = Release|Any CPU
	EndGlobalSection
	GlobalSection(SolutionProperties) = preSolution
		HideSolutionNode = FALSE
	EndGlobalSection
	GlobalSection(ExtensibilityGlobals) = postSolution
		SolutionGuid = {3BD5CD0B-F209-4840-BC1B-8C7526D11F41}
	EndGlobalSection
EndGlobal
